
Microsoft Visual Studio Solution File, Format Version 12.00
# Visual Studio Version 17
VisualStudioVersion = 17.9.34616.47
MinimumVisualStudioVersion = 10.0.40219.1
Project("{FAE04EC0-301F-11D3-BF4B-00C04F79EFBC}") = "simpleConsoleApp", "simpleConsoleApp\simpleConsoleApp.csproj", "{437C444C-CD45-4E09-AE13-EEB8C556EDB0}"
EndProject
Global
	GlobalSection(SolutionConfigurationPlatforms) = preSolution
		Debug|Any CPU = Debug|Any CPU
		Release|Any CPU = Release|Any CPU
	EndGlobalSection
	GlobalSection(ProjectConfigurationPlatforms) = postSolution
		{437C444C-CD45-4E09-AE13-EEB8C556EDB0}.Debug|Any CPU.ActiveCfg = Debug|Any CPU
		{437C444C-CD45-4E09-AE13-EEB8C556EDB0}.Debug|Any CPU.Build.0 = Debug|Any CPU
		{437C444C-CD45-4E09-AE13-EEB8C556EDB0}.Release|Any CPU.ActiveCfg = Release|Any CPU
		{437C444C-CD45-4E09-AE13-EEB8C556EDB0}.Release|Any CPU.Build.0 = Release|Any CPU
	EndGlobalSection
	GlobalSection(SolutionProperties) = preSolution
		HideSolutionNode = FALSE
	EndGlobalSection
	GlobalSection(ExtensibilityGlobals) = postSolution
		SolutionGuid = {F617C4F7-D43F-4AFE-901E-767897650883}
	EndGlobalSection
EndGlobal
